
Microsoft Visual Studio Solution File, Format Version 12.00
# Visual Studio 15
VisualStudioVersion = 15.0.27130.2027
MinimumVisualStudioVersion = 10.0.40219.1
Project("{FAE04EC0-301F-11D3-BF4B-00C04F79EFBC}") = "PaperClip.Business", "PaperClip.Business\PaperClip.Business.csproj", "{73DF95FB-2A30-418C-9875-4E724AA8968C}"
EndProject
Project("{FAE04EC0-301F-11D3-BF4B-00C04F79EFBC}") = "PaperClip.Business.Tests", "PaperClip.Business.Tests\PaperClip.Business.Tests.csproj", "{48A5AC4D-A1C6-47B7-B1BF-89315C6A5247}"
EndProject
Global
	GlobalSection(SolutionConfigurationPlatforms) = preSolution
		Debug|Any CPU = Debug|Any CPU
		Release|Any CPU = Release|Any CPU
	EndGlobalSection
	GlobalSection(ProjectConfigurationPlatforms) = postSolution
		{73DF95FB-2A30-418C-9875-4E724AA8968C}.Debug|Any CPU.ActiveCfg = Debug|Any CPU
		{73DF95FB-2A30-418C-9875-4E724AA8968C}.Debug|Any CPU.Build.0 = Debug|Any CPU
		{73DF95FB-2A30-418C-9875-4E724AA8968C}.Release|Any CPU.ActiveCfg = Release|Any CPU
		{73DF95FB-2A30-418C-9875-4E724AA8968C}.Release|Any CPU.Build.0 = Release|Any CPU
		{48A5AC4D-A1C6-47B7-B1BF-89315C6A5247}.Debug|Any CPU.ActiveCfg = Debug|Any CPU
		{48A5AC4D-A1C6-47B7-B1BF-89315C6A5247}.Debug|Any CPU.Build.0 = Debug|Any CPU
		{48A5AC4D-A1C6-47B7-B1BF-89315C6A5247}.Release|Any CPU.ActiveCfg = Release|Any CPU
		{48A5AC4D-A1C6-47B7-B1BF-89315C6A5247}.Release|Any CPU.Build.0 = Release|Any CPU
	EndGlobalSection
	GlobalSection(SolutionProperties) = preSolution
		HideSolutionNode = FALSE
	EndGlobalSection
	GlobalSection(ExtensibilityGlobals) = postSolution
		SolutionGuid = {2939C224-0125-4BDF-9CE7-5416A27AA78B}
	EndGlobalSection
EndGlobal
